
Microsoft Visual Studio Solution File, Format Version 12.00
# Visual Studio 15
VisualStudioVersion = 15.0.27703.2042
MinimumVisualStudioVersion = 10.0.40219.1
Project("{FAE04EC0-301F-11D3-BF4B-00C04F79EFBC}") = "InventoryService", "InventoryService\InventoryService.csproj", "{4EBC4E41-9A48-4C96-97D6-A7B7A1D830F7}"
EndProject
Global
	GlobalSection(SolutionConfigurationPlatforms) = preSolution
		Debug|Any CPU = Debug|Any CPU
		Release|Any CPU = Release|Any CPU
	EndGlobalSection
	GlobalSection(ProjectConfigurationPlatforms) = postSolution
		{4EBC4E41-9A48-4C96-97D6-A7B7A1D830F7}.Debug|Any CPU.ActiveCfg = Debug|Any CPU
		{4EBC4E41-9A48-4C96-97D6-A7B7A1D830F7}.Debug|Any CPU.Build.0 = Debug|Any CPU
		{4EBC4E41-9A48-4C96-97D6-A7B7A1D830F7}.Release|Any CPU.ActiveCfg = Release|Any CPU
		{4EBC4E41-9A48-4C96-97D6-A7B7A1D830F7}.Release|Any CPU.Build.0 = Release|Any CPU
	EndGlobalSection
	GlobalSection(SolutionProperties) = preSolution
		HideSolutionNode = FALSE
	EndGlobalSection
	GlobalSection(ExtensibilityGlobals) = postSolution
		SolutionGuid = {095ABA9C-F6FD-4FAF-BD85-3EA35E874B5B}
	EndGlobalSection
EndGlobal
